// !$*UTF8*$!
{
	archiveVersion = 1;
	classes = {
	};
	objectVersion = 77;
	objects = {

/* Begin PBXBuildFile section */
		0EC95ECB612D73707B20DBDF /* Models.swift in Sources */ = {isa = PBXBuildFile; fileRef = A042DF0D1E36501653D284C6 /* Models.swift */; };
		37AAEEDD2D2D4AAFAF0BF492 /* JSONRPC.swift in Sources */ = {isa = PBXBuildFile; fileRef = FCE350888DCC2620A3B4C985 /* JSONRPC.swift */; };
		3996073A7EA748A8F50BB09F /* SQLiteStore.swift in Sources */ = {isa = PBXBuildFile; fileRef = 6A5B3755C187C96AEFF6E1ED /* SQLiteStore.swift */; };
		3A962779A11C9E175A5A14CA /* AgentContracts.swift in Sources */ = {isa = PBXBuildFile; fileRef = 357B195C658993FD079D6CE5 /* AgentContracts.swift */; };
		428A4CB14E717A25D9F8EE40 /* NativeCoreTests.swift in Sources */ = {isa = PBXBuildFile; fileRef = 4237147A7FDBFAAC680672CF /* NativeCoreTests.swift */; };
		59CE0D1376F331F358B7C462 /* AppDependencies.swift in Sources */ = {isa = PBXBuildFile; fileRef = 816E25151B3A6D2ACD398B38 /* AppDependencies.swift */; };
		5BE75337E46CD000A2B88350 /* OpenCodeBackend.swift in Sources */ = {isa = PBXBuildFile; fileRef = 70557DB81E227C5A8E160FF2 /* OpenCodeBackend.swift */; };
		5CD2346DE7A32201167119E0 /* DiscoDesignSystem.swift in Sources */ = {isa = PBXBuildFile; fileRef = 8241E1BF26C69563DEEACB66 /* DiscoDesignSystem.swift */; };
		66487360EB51708C08B8872A /* AgentHost.swift in Sources */ = {isa = PBXBuildFile; fileRef = 1E765B6BF628731F16CC269A /* AgentHost.swift */; };
		6BC9E69C44624E1C9FCFA2FF /* Environment.swift in Sources */ = {isa = PBXBuildFile; fileRef = 9348B04783190622CA2D234D /* Environment.swift */; };
		76BC2B3AD46C54E9AD0EB36A /* WorkspaceView.swift in Sources */ = {isa = PBXBuildFile; fileRef = CCC0A16F861D8AD597CDEA0A /* WorkspaceView.swift */; };
		79F4C3AC65B9E519995BB934 /* AppDelegate.swift in Sources */ = {isa = PBXBuildFile; fileRef = BD89C5AF97C30B82C4AEBAD9 /* AppDelegate.swift */; };
		81191512FFC183E488148279 /* TimelineBuilder.swift in Sources */ = {isa = PBXBuildFile; fileRef = 5C912957072B934A53D13949 /* TimelineBuilder.swift */; };
		8D1B4442ECBCD9732C59231E /* CodexBackend.swift in Sources */ = {isa = PBXBuildFile; fileRef = DB2EB726C562331411317BF9 /* CodexBackend.swift */; };
		8EE8356B4656CB2542213E2E /* SettingsView.swift in Sources */ = {isa = PBXBuildFile; fileRef = E7BFB433B067737ACDC82414 /* SettingsView.swift */; };
		B872749BA12FE828CF537EC2 /* Textual in Frameworks */ = {isa = PBXBuildFile; productRef = B90BFC3D18328EC5AF112238 /* Textual */; };
		D36B6A6BEA49061945E27C37 /* Assets.xcassets in Resources */ = {isa = PBXBuildFile; fileRef = CCCCFA985FFA4CBEAB6A57FB /* Assets.xcassets */; };
		D6E8CA457DDDCCDAFDFBF372 /* ProcessSupport.swift in Sources */ = {isa = PBXBuildFile; fileRef = 8DE2EC6F59F8AC95A4AC97E4 /* ProcessSupport.swift */; };
		D6FEF36552425470D413F861 /* AppModel.swift in Sources */ = {isa = PBXBuildFile; fileRef = 05CBB597BD2654D3AD88927C /* AppModel.swift */; };
		DA97EF0089AE2616C313BD27 /* JSONHelpers.swift in Sources */ = {isa = PBXBuildFile; fileRef = 9AC3427FAC24DB9B449A215E /* JSONHelpers.swift */; };
		F71BD3E2A966834D491C2E3C /* DiscoApp.swift in Sources */ = {isa = PBXBuildFile; fileRef = B1B0B40659521FC5415F5B70 /* DiscoApp.swift */; };
/* End PBXBuildFile section */

/* Begin PBXContainerItemProxy section */
		E47F44C1636DDAD95F010F61 /* PBXContainerItemProxy */ = {
			isa = PBXContainerItemProxy;
			containerPortal = 22951140849F71B353B15612 /* Project object */;
			proxyType = 1;
			remoteGlobalIDString = E7BFE10DF69CB95BECEA2E55;
			remoteInfo = Disco;
		};
/* End PBXContainerItemProxy section */

/* Begin PBXFileReference section */
		023CED0141EC26949F7133D6 /* Disco.app */ = {isa = PBXFileReference; explicitFileType = wrapper.application; includeInIndex = 0; path = Disco.app; sourceTree = BUILT_PRODUCTS_DIR; };
		05CBB597BD2654D3AD88927C /* AppModel.swift */ = {isa = PBXFileReference; lastKnownFileType = sourcecode.swift; path = AppModel.swift; sourceTree = "<group>"; };
		1E765B6BF628731F16CC269A /* AgentHost.swift */ = {isa = PBXFileReference; lastKnownFileType = sourcecode.swift; path = AgentHost.swift; sourceTree = "<group>"; };
		357B195C658993FD079D6CE5 /* AgentContracts.swift */ = {isa = PBXFileReference; lastKnownFileType = sourcecode.swift; path = AgentContracts.swift; sourceTree = "<group>"; };
		4237147A7FDBFAAC680672CF /* NativeCoreTests.swift */ = {isa = PBXFileReference; lastKnownFileType = sourcecode.swift; path = NativeCoreTests.swift; sourceTree = "<group>"; };
		5C912957072B934A53D13949 /* TimelineBuilder.swift */ = {isa = PBXFileReference; lastKnownFileType = sourcecode.swift; path = TimelineBuilder.swift; sourceTree = "<group>"; };
		6A5B3755C187C96AEFF6E1ED /* SQLiteStore.swift */ = {isa = PBXFileReference; lastKnownFileType = sourcecode.swift; path = SQLiteStore.swift; sourceTree = "<group>"; };
		70557DB81E227C5A8E160FF2 /* OpenCodeBackend.swift */ = {isa = PBXFileReference; lastKnownFileType = sourcecode.swift; path = OpenCodeBackend.swift; sourceTree = "<group>"; };
		816E25151B3A6D2ACD398B38 /* AppDependencies.swift */ = {isa = PBXFileReference; lastKnownFileType = sourcecode.swift; path = AppDependencies.swift; sourceTree = "<group>"; };
		8241E1BF26C69563DEEACB66 /* DiscoDesignSystem.swift */ = {isa = PBXFileReference; lastKnownFileType = sourcecode.swift; path = DiscoDesignSystem.swift; sourceTree = "<group>"; };
		8DE2EC6F59F8AC95A4AC97E4 /* ProcessSupport.swift */ = {isa = PBXFileReference; lastKnownFileType = sourcecode.swift; path = ProcessSupport.swift; sourceTree = "<group>"; };
		9348B04783190622CA2D234D /* Environment.swift */ = {isa = PBXFileReference; lastKnownFileType = sourcecode.swift; path = Environment.swift; sourceTree = "<group>"; };
		95B34EACB7DF9BBCEDF7B64E /* DiscoTests.xctest */ = {isa = PBXFileReference; explicitFileType = wrapper.cfbundle; includeInIndex = 0; path = DiscoTests.xctest; sourceTree = BUILT_PRODUCTS_DIR; };
		9AC3427FAC24DB9B449A215E /* JSONHelpers.swift */ = {isa = PBXFileReference; lastKnownFileType = sourcecode.swift; path = JSONHelpers.swift; sourceTree = "<group>"; };
		A042DF0D1E36501653D284C6 /* Models.swift */ = {isa = PBXFileReference; lastKnownFileType = sourcecode.swift; path = Models.swift; sourceTree = "<group>"; };
		B1B0B40659521FC5415F5B70 /* DiscoApp.swift */ = {isa = PBXFileReference; lastKnownFileType = sourcecode.swift; path = DiscoApp.swift; sourceTree = "<group>"; };
		BD89C5AF97C30B82C4AEBAD9 /* AppDelegate.swift */ = {isa = PBXFileReference; lastKnownFileType = sourcecode.swift; path = AppDelegate.swift; sourceTree = "<group>"; };
		CCC0A16F861D8AD597CDEA0A /* WorkspaceView.swift */ = {isa = PBXFileReference; lastKnownFileType = sourcecode.swift; path = WorkspaceView.swift; sourceTree = "<group>"; };
		CCCCFA985FFA4CBEAB6A57FB /* Assets.xcassets */ = {isa = PBXFileReference; lastKnownFileType = folder.assetcatalog; path = Assets.xcassets; sourceTree = "<group>"; };
		DB2EB726C562331411317BF9 /* CodexBackend.swift */ = {isa = PBXFileReference; lastKnownFileType = sourcecode.swift; path = CodexBackend.swift; sourceTree = "<group>"; };
		E7BFB433B067737ACDC82414 /* SettingsView.swift */ = {isa = PBXFileReference; lastKnownFileType = sourcecode.swift; path = SettingsView.swift; sourceTree = "<group>"; };
		FCE350888DCC2620A3B4C985 /* JSONRPC.swift */ = {isa = PBXFileReference; lastKnownFileType = sourcecode.swift; path = JSONRPC.swift; sourceTree = "<group>"; };
/* End PBXFileReference section */

/* Begin PBXFrameworksBuildPhase section */
		2A5A8314E49DFB5FE3192B73 /* Frameworks */ = {
			isa = PBXFrameworksBuildPhase;
			buildActionMask = 2147483647;
			files = (
				B872749BA12FE828CF537EC2 /* Textual in Frameworks */,
			);
			runOnlyForDeploymentPostprocessing = 0;
		};
/* End PBXFrameworksBuildPhase section */

/* Begin PBXGroup section */
		0618318100C6C22362C345B9 /* OpenCode */ = {
			isa = PBXGroup;
			children = (
				70557DB81E227C5A8E160FF2 /* OpenCodeBackend.swift */,
			);
			path = OpenCode;
			sourceTree = "<group>";
		};
		089FE518407BFCA2BFEAD1D9 /* Codex */ = {
			isa = PBXGroup;
			children = (
				DB2EB726C562331411317BF9 /* CodexBackend.swift */,
			);
			path = Codex;
			sourceTree = "<group>";
		};
		1E4EC4A43C64AAB38AB56F4D /* Workspace */ = {
			isa = PBXGroup;
			children = (
				CCC0A16F861D8AD597CDEA0A /* WorkspaceView.swift */,
			);
			path = Workspace;
			sourceTree = "<group>";
		};
		35A110C620334C3600E0338D /* Domain */ = {
			isa = PBXGroup;
			children = (
				A042DF0D1E36501653D284C6 /* Models.swift */,
				5C912957072B934A53D13949 /* TimelineBuilder.swift */,
			);
			path = Domain;
			sourceTree = "<group>";
		};
		395B08557D2B08112D01641E /* Resources */ = {
			isa = PBXGroup;
			children = (
				CCCCFA985FFA4CBEAB6A57FB /* Assets.xcassets */,
			);
			path = Resources;
			sourceTree = "<group>";
		};
		3FDE72AA737F5126C949CE92 /* Presentation */ = {
			isa = PBXGroup;
			children = (
				8241E1BF26C69563DEEACB66 /* DiscoDesignSystem.swift */,
				B6B63CBF1A7247DCD8AC92F6 /* Settings */,
				1E4EC4A43C64AAB38AB56F4D /* Workspace */,
			);
			path = Presentation;
			sourceTree = "<group>";
		};
		502CF85D1EE26F18C2C6A70F = {
			isa = PBXGroup;
			children = (
				395B08557D2B08112D01641E /* Resources */,
				DE0E87196BF220E735FD5D0D /* Sources */,
				D1492C47AD8272D8C0D6E471 /* Tests */,
				A1D8514EEC70F27DAF51C624 /* Products */,
			);
			sourceTree = "<group>";
		};
		61993EC4FA561F082BA5EBBE /* App */ = {
			isa = PBXGroup;
			children = (
				BD89C5AF97C30B82C4AEBAD9 /* AppDelegate.swift */,
				816E25151B3A6D2ACD398B38 /* AppDependencies.swift */,
				05CBB597BD2654D3AD88927C /* AppModel.swift */,
				B1B0B40659521FC5415F5B70 /* DiscoApp.swift */,
			);
			path = App;
			sourceTree = "<group>";
		};
		61A73470C04EBA937D7A5076 /* Providers */ = {
			isa = PBXGroup;
			children = (
				089FE518407BFCA2BFEAD1D9 /* Codex */,
				0618318100C6C22362C345B9 /* OpenCode */,
			);
			path = Providers;
			sourceTree = "<group>";
		};
		69DB3564339A60350F6622D4 /* Configuration */ = {
			isa = PBXGroup;
			children = (
				9348B04783190622CA2D234D /* Environment.swift */,
			);
			path = Configuration;
			sourceTree = "<group>";
		};
		86A9B9D25C0B5A4B606FB2CF /* Application */ = {
			isa = PBXGroup;
			children = (
				357B195C658993FD079D6CE5 /* AgentContracts.swift */,
				1E765B6BF628731F16CC269A /* AgentHost.swift */,
			);
			path = Application;
			sourceTree = "<group>";
		};
		A1D8514EEC70F27DAF51C624 /* Products */ = {
			isa = PBXGroup;
			children = (
				023CED0141EC26949F7133D6 /* Disco.app */,
				95B34EACB7DF9BBCEDF7B64E /* DiscoTests.xctest */,
			);
			name = Products;
			sourceTree = "<group>";
		};
		B4D24EC916B8710C35218DAA /* Infrastructure */ = {
			isa = PBXGroup;
			children = (
				69DB3564339A60350F6622D4 /* Configuration */,
				C1B53602F4E742570C070FBA /* Persistence */,
				DAC0AA972AF983B08BC3E3D6 /* Process */,
				F093326D5F6E170C7268891B /* Transport */,
			);
			path = Infrastructure;
			sourceTree = "<group>";
		};
		B6B63CBF1A7247DCD8AC92F6 /* Settings */ = {
			isa = PBXGroup;
			children = (
				E7BFB433B067737ACDC82414 /* SettingsView.swift */,
			);
			path = Settings;
			sourceTree = "<group>";
		};
		C1B53602F4E742570C070FBA /* Persistence */ = {
			isa = PBXGroup;
			children = (
				6A5B3755C187C96AEFF6E1ED /* SQLiteStore.swift */,
			);
			path = Persistence;
			sourceTree = "<group>";
		};
		D1492C47AD8272D8C0D6E471 /* Tests */ = {
			isa = PBXGroup;
			children = (
				4237147A7FDBFAAC680672CF /* NativeCoreTests.swift */,
			);
			path = Tests;
			sourceTree = "<group>";
		};
		DAC0AA972AF983B08BC3E3D6 /* Process */ = {
			isa = PBXGroup;
			children = (
				8DE2EC6F59F8AC95A4AC97E4 /* ProcessSupport.swift */,
			);
			path = Process;
			sourceTree = "<group>";
		};
		DE0E87196BF220E735FD5D0D /* Sources */ = {
			isa = PBXGroup;
			children = (
				61993EC4FA561F082BA5EBBE /* App */,
				86A9B9D25C0B5A4B606FB2CF /* Application */,
				35A110C620334C3600E0338D /* Domain */,
				B4D24EC916B8710C35218DAA /* Infrastructure */,
				3FDE72AA737F5126C949CE92 /* Presentation */,
				61A73470C04EBA937D7A5076 /* Providers */,
			);
			path = Sources;
			sourceTree = "<group>";
		};
		F093326D5F6E170C7268891B /* Transport */ = {
			isa = PBXGroup;
			children = (
				9AC3427FAC24DB9B449A215E /* JSONHelpers.swift */,
				FCE350888DCC2620A3B4C985 /* JSONRPC.swift */,
			);
			path = Transport;
			sourceTree = "<group>";
		};
/* End PBXGroup section */

/* Begin PBXNativeTarget section */
		48ED8242AD9DCC739A77A37D /* DiscoTests */ = {
			isa = PBXNativeTarget;
			buildConfigurationList = D3756AA71C3330DFA25798D3 /* Build configuration list for PBXNativeTarget "DiscoTests" */;
			buildPhases = (
				62241680BC8D9969FCBDE790 /* Sources */,
			);
			buildRules = (
			);
			dependencies = (
				0C1E485ED258EE682190EA69 /* PBXTargetDependency */,
			);
			name = DiscoTests;
			packageProductDependencies = (
			);
			productName = DiscoTests;
			productReference = 95B34EACB7DF9BBCEDF7B64E /* DiscoTests.xctest */;
			productType = "com.apple.product-type.bundle.unit-test";
		};
		E7BFE10DF69CB95BECEA2E55 /* Disco */ = {
			isa = PBXNativeTarget;
			buildConfigurationList = A05A5338421C7A447F794A17 /* Build configuration list for PBXNativeTarget "Disco" */;
			buildPhases = (
				6DAB5F6979BAA013465E84DD /* Sources */,
				2EC7F6ECF4538D3CBE527BE8 /* Resources */,
				2A5A8314E49DFB5FE3192B73 /* Frameworks */,
			);
			buildRules = (
			);
			dependencies = (
			);
			name = Disco;
			packageProductDependencies = (
				B90BFC3D18328EC5AF112238 /* Textual */,
			);
			productName = Disco;
			productReference = 023CED0141EC26949F7133D6 /* Disco.app */;
			productType = "com.apple.product-type.application";
		};
/* End PBXNativeTarget section */

/* Begin PBXProject section */
		22951140849F71B353B15612 /* Project object */ = {
			isa = PBXProject;
			attributes = {
				BuildIndependentTargetsInParallel = YES;
				LastUpgradeCheck = 1430;
				TargetAttributes = {
				};
			};
			buildConfigurationList = 045F1F0BEF4430B795405690 /* Build configuration list for PBXProject "Disco" */;
			developmentRegion = en;
			hasScannedForEncodings = 0;
			knownRegions = (
				Base,
				en,
			);
			mainGroup = 502CF85D1EE26F18C2C6A70F;
			minimizedProjectReferenceProxies = 1;
			packageReferences = (
				A2454BA7A402FB45A7063E4A /* XCRemoteSwiftPackageReference "textual" */,
			);
			preferredProjectObjectVersion = 77;
			productRefGroup = A1D8514EEC70F27DAF51C624 /* Products */;
			projectDirPath = "";
			projectRoot = "";
			targets = (
				E7BFE10DF69CB95BECEA2E55 /* Disco */,
				48ED8242AD9DCC739A77A37D /* DiscoTests */,
			);
		};
/* End PBXProject section */

/* Begin PBXResourcesBuildPhase section */
		2EC7F6ECF4538D3CBE527BE8 /* Resources */ = {
			isa = PBXResourcesBuildPhase;
			buildActionMask = 2147483647;
			files = (
				D36B6A6BEA49061945E27C37 /* Assets.xcassets in Resources */,
			);
			runOnlyForDeploymentPostprocessing = 0;
		};
/* End PBXResourcesBuildPhase section */

/* Begin PBXSourcesBuildPhase section */
		62241680BC8D9969FCBDE790 /* Sources */ = {
			isa = PBXSourcesBuildPhase;
			buildActionMask = 2147483647;
			files = (
				428A4CB14E717A25D9F8EE40 /* NativeCoreTests.swift in Sources */,
			);
			runOnlyForDeploymentPostprocessing = 0;
		};
		6DAB5F6979BAA013465E84DD /* Sources */ = {
			isa = PBXSourcesBuildPhase;
			buildActionMask = 2147483647;
			files = (
				3A962779A11C9E175A5A14CA /* AgentContracts.swift in Sources */,
				66487360EB51708C08B8872A /* AgentHost.swift in Sources */,
				79F4C3AC65B9E519995BB934 /* AppDelegate.swift in Sources */,
				59CE0D1376F331F358B7C462 /* AppDependencies.swift in Sources */,
				D6FEF36552425470D413F861 /* AppModel.swift in Sources */,
				8D1B4442ECBCD9732C59231E /* CodexBackend.swift in Sources */,
				F71BD3E2A966834D491C2E3C /* DiscoApp.swift in Sources */,
				5CD2346DE7A32201167119E0 /* DiscoDesignSystem.swift in Sources */,
				6BC9E69C44624E1C9FCFA2FF /* Environment.swift in Sources */,
				DA97EF0089AE2616C313BD27 /* JSONHelpers.swift in Sources */,
				37AAEEDD2D2D4AAFAF0BF492 /* JSONRPC.swift in Sources */,
				0EC95ECB612D73707B20DBDF /* Models.swift in Sources */,
				5BE75337E46CD000A2B88350 /* OpenCodeBackend.swift in Sources */,
				D6E8CA457DDDCCDAFDFBF372 /* ProcessSupport.swift in Sources */,
				3996073A7EA748A8F50BB09F /* SQLiteStore.swift in Sources */,
				8EE8356B4656CB2542213E2E /* SettingsView.swift in Sources */,
				81191512FFC183E488148279 /* TimelineBuilder.swift in Sources */,
				76BC2B3AD46C54E9AD0EB36A /* WorkspaceView.swift in Sources */,
			);
			runOnlyForDeploymentPostprocessing = 0;
		};
/* End PBXSourcesBuildPhase section */

/* Begin PBXTargetDependency section */
		0C1E485ED258EE682190EA69 /* PBXTargetDependency */ = {
			isa = PBXTargetDependency;
			target = E7BFE10DF69CB95BECEA2E55 /* Disco */;
			targetProxy = E47F44C1636DDAD95F010F61 /* PBXContainerItemProxy */;
		};
/* End PBXTargetDependency section */

/* Begin XCBuildConfiguration section */
		15AFA175D1C807E3DA9DA507 /* Release */ = {
			isa = XCBuildConfiguration;
			buildSettings = {
				ALWAYS_SEARCH_USER_PATHS = NO;
				CLANG_ANALYZER_NONNULL = YES;
				CLANG_ANALYZER_NUMBER_OBJECT_CONVERSION = YES_AGGRESSIVE;
				CLANG_CXX_LANGUAGE_STANDARD = "gnu++14";
				CLANG_CXX_LIBRARY = "libc++";
				CLANG_ENABLE_MODULES = YES;
				CLANG_ENABLE_OBJC_ARC = YES;
				CLANG_ENABLE_OBJC_WEAK = YES;
				CLANG_WARN_BLOCK_CAPTURE_AUTORELEASING = YES;
				CLANG_WARN_BOOL_CONVERSION = YES;
				CLANG_WARN_COMMA = YES;
				CLANG_WARN_CONSTANT_CONVERSION = YES;
				CLANG_WARN_DEPRECATED_OBJC_IMPLEMENTATIONS = YES;
				CLANG_WARN_DIRECT_OBJC_ISA_USAGE = YES_ERROR;
				CLANG_WARN_DOCUMENTATION_COMMENTS = YES;
				CLANG_WARN_EMPTY_BODY = YES;
				CLANG_WARN_ENUM_CONVERSION = YES;
				CLANG_WARN_INFINITE_RECURSION = YES;
				CLANG_WARN_INT_CONVERSION = YES;
				CLANG_WARN_NON_LITERAL_NULL_CONVERSION = YES;
				CLANG_WARN_OBJC_IMPLICIT_RETAIN_SELF = YES;
				CLANG_WARN_OBJC_LITERAL_CONVERSION = YES;
				CLANG_WARN_OBJC_ROOT_CLASS = YES_ERROR;
				CLANG_WARN_QUOTED_INCLUDE_IN_FRAMEWORK_HEADER = YES;
				CLANG_WARN_RANGE_LOOP_ANALYSIS = YES;
				CLANG_WARN_STRICT_PROTOTYPES = YES;
				CLANG_WARN_SUSPICIOUS_MOVE = YES;
				CLANG_WARN_UNGUARDED_AVAILABILITY = YES_AGGRESSIVE;
				CLANG_WARN_UNREACHABLE_CODE = YES;
				CLANG_WARN__DUPLICATE_METHOD_MATCH = YES;
				COPY_PHASE_STRIP = NO;
				DEBUG_INFORMATION_FORMAT = "dwarf-with-dsym";
				ENABLE_NS_ASSERTIONS = NO;
				ENABLE_STRICT_OBJC_MSGSEND = YES;
				GCC_C_LANGUAGE_STANDARD = gnu11;
				GCC_NO_COMMON_BLOCKS = YES;
				GCC_WARN_64_TO_32_BIT_CONVERSION = YES;
				GCC_WARN_ABOUT_RETURN_TYPE = YES_ERROR;
				GCC_WARN_UNDECLARED_SELECTOR = YES;
				GCC_WARN_UNINITIALIZED_AUTOS = YES_AGGRESSIVE;
				GCC_WARN_UNUSED_FUNCTION = YES;
				GCC_WARN_UNUSED_VARIABLE = YES;
				MACOSX_DEPLOYMENT_TARGET = 15.0;
				MTL_ENABLE_DEBUG_INFO = NO;
				MTL_FAST_MATH = YES;
				PRODUCT_NAME = "$(TARGET_NAME)";
				SDKROOT = macosx;
				SWIFT_COMPILATION_MODE = wholemodule;
				SWIFT_OPTIMIZATION_LEVEL = "-O";
				SWIFT_VERSION = 5.9;
			};
			name = Release;
		};
		1C6EF809AFFE7DF944304FB2 /* Debug */ = {
			isa = XCBuildConfiguration;
			buildSettings = {
				ASSETCATALOG_COMPILER_APPICON_NAME = AppIcon;
				COMBINE_HIDPI_IMAGES = YES;
				ENABLE_HARDENED_RUNTIME = YES;
				INFOPLIST_FILE = Resources/Info.plist;
				LD_RUNPATH_SEARCH_PATHS = (
					"$(inherited)",
					"@executable_path/../Frameworks",
				);
				PRODUCT_BUNDLE_IDENTIFIER = ai.disco.desktop;
				PRODUCT_NAME = Disco;
				SDKROOT = macosx;
			};
			name = Debug;
		};
		261F5D0084518DDD815198BF /* Release */ = {
			isa = XCBuildConfiguration;
			buildSettings = {
				ASSETCATALOG_COMPILER_APPICON_NAME = AppIcon;
				COMBINE_HIDPI_IMAGES = YES;
				ENABLE_HARDENED_RUNTIME = YES;
				INFOPLIST_FILE = Resources/Info.plist;
				LD_RUNPATH_SEARCH_PATHS = (
					"$(inherited)",
					"@executable_path/../Frameworks",
				);
				PRODUCT_BUNDLE_IDENTIFIER = ai.disco.desktop;
				PRODUCT_NAME = Disco;
				SDKROOT = macosx;
			};
			name = Release;
		};
		43112BDFFACF4265B7C2F7E0 /* Release */ = {
			isa = XCBuildConfiguration;
			buildSettings = {
				BUNDLE_LOADER = "$(TEST_HOST)";
				COMBINE_HIDPI_IMAGES = YES;
				GENERATE_INFOPLIST_FILE = YES;
				LD_RUNPATH_SEARCH_PATHS = (
					"$(inherited)",
					"@executable_path/../Frameworks",
					"@loader_path/../Frameworks",
				);
				PRODUCT_BUNDLE_IDENTIFIER = ai.disco.desktop.tests;
				SDKROOT = macosx;
				TEST_HOST = "$(BUILT_PRODUCTS_DIR)/Disco.app/Contents/MacOS/Disco";
			};
			name = Release;
		};
		5A12471E71E4BC83FB6F7FEB /* Debug */ = {
			isa = XCBuildConfiguration;
			buildSettings = {
				BUNDLE_LOADER = "$(TEST_HOST)";
				COMBINE_HIDPI_IMAGES = YES;
				GENERATE_INFOPLIST_FILE = YES;
				LD_RUNPATH_SEARCH_PATHS = (
					"$(inherited)",
					"@executable_path/../Frameworks",
					"@loader_path/../Frameworks",
				);
				PRODUCT_BUNDLE_IDENTIFIER = ai.disco.desktop.tests;
				SDKROOT = macosx;
				TEST_HOST = "$(BUILT_PRODUCTS_DIR)/Disco.app/Contents/MacOS/Disco";
			};
			name = Debug;
		};
		F3244394D024F9F5E932174F /* Debug */ = {
			isa = XCBuildConfiguration;
			buildSettings = {
				ALWAYS_SEARCH_USER_PATHS = NO;
				CLANG_ANALYZER_NONNULL = YES;
				CLANG_ANALYZER_NUMBER_OBJECT_CONVERSION = YES_AGGRESSIVE;
				CLANG_CXX_LANGUAGE_STANDARD = "gnu++14";
				CLANG_CXX_LIBRARY = "libc++";
				CLANG_ENABLE_MODULES = YES;
				CLANG_ENABLE_OBJC_ARC = YES;
				CLANG_ENABLE_OBJC_WEAK = YES;
				CLANG_WARN_BLOCK_CAPTURE_AUTORELEASING = YES;
				CLANG_WARN_BOOL_CONVERSION = YES;
				CLANG_WARN_COMMA = YES;
				CLANG_WARN_CONSTANT_CONVERSION = YES;
				CLANG_WARN_DEPRECATED_OBJC_IMPLEMENTATIONS = YES;
				CLANG_WARN_DIRECT_OBJC_ISA_USAGE = YES_ERROR;
				CLANG_WARN_DOCUMENTATION_COMMENTS = YES;
				CLANG_WARN_EMPTY_BODY = YES;
				CLANG_WARN_ENUM_CONVERSION = YES;
				CLANG_WARN_INFINITE_RECURSION = YES;
				CLANG_WARN_INT_CONVERSION = YES;
				CLANG_WARN_NON_LITERAL_NULL_CONVERSION = YES;
				CLANG_WARN_OBJC_IMPLICIT_RETAIN_SELF = YES;
				CLANG_WARN_OBJC_LITERAL_CONVERSION = YES;
				CLANG_WARN_OBJC_ROOT_CLASS = YES_ERROR;
				CLANG_WARN_QUOTED_INCLUDE_IN_FRAMEWORK_HEADER = YES;
				CLANG_WARN_RANGE_LOOP_ANALYSIS = YES;
				CLANG_WARN_STRICT_PROTOTYPES = YES;
				CLANG_WARN_SUSPICIOUS_MOVE = YES;
				CLANG_WARN_UNGUARDED_AVAILABILITY = YES_AGGRESSIVE;
				CLANG_WARN_UNREACHABLE_CODE = YES;
				CLANG_WARN__DUPLICATE_METHOD_MATCH = YES;
				COPY_PHASE_STRIP = NO;
				DEBUG_INFORMATION_FORMAT = dwarf;
				ENABLE_STRICT_OBJC_MSGSEND = YES;
				ENABLE_TESTABILITY = YES;
				GCC_C_LANGUAGE_STANDARD = gnu11;
				GCC_DYNAMIC_NO_PIC = NO;
				GCC_NO_COMMON_BLOCKS = YES;
				GCC_OPTIMIZATION_LEVEL = 0;
				GCC_PREPROCESSOR_DEFINITIONS = (
					"$(inherited)",
					"DEBUG=1",
				);
				GCC_WARN_64_TO_32_BIT_CONVERSION = YES;
				GCC_WARN_ABOUT_RETURN_TYPE = YES_ERROR;
				GCC_WARN_UNDECLARED_SELECTOR = YES;
				GCC_WARN_UNINITIALIZED_AUTOS = YES_AGGRESSIVE;
				GCC_WARN_UNUSED_FUNCTION = YES;
				GCC_WARN_UNUSED_VARIABLE = YES;
				MACOSX_DEPLOYMENT_TARGET = 15.0;
				MTL_ENABLE_DEBUG_INFO = INCLUDE_SOURCE;
				MTL_FAST_MATH = YES;
				ONLY_ACTIVE_ARCH = YES;
				PRODUCT_NAME = "$(TARGET_NAME)";
				SDKROOT = macosx;
				SWIFT_ACTIVE_COMPILATION_CONDITIONS = DEBUG;
				SWIFT_OPTIMIZATION_LEVEL = "-Onone";
				SWIFT_VERSION = 5.9;
			};
			name = Debug;
		};
/* End XCBuildConfiguration section */

/* Begin XCConfigurationList section */
		045F1F0BEF4430B795405690 /* Build configuration list for PBXProject "Disco" */ = {
			isa = XCConfigurationList;
			buildConfigurations = (
				F3244394D024F9F5E932174F /* Debug */,
				15AFA175D1C807E3DA9DA507 /* Release */,
			);
			defaultConfigurationIsVisible = 0;
			defaultConfigurationName = Debug;
		};
		A05A5338421C7A447F794A17 /* Build configuration list for PBXNativeTarget "Disco" */ = {
			isa = XCConfigurationList;
			buildConfigurations = (
				1C6EF809AFFE7DF944304FB2 /* Debug */,
				261F5D0084518DDD815198BF /* Release */,
			);
			defaultConfigurationIsVisible = 0;
			defaultConfigurationName = Debug;
		};
		D3756AA71C3330DFA25798D3 /* Build configuration list for PBXNativeTarget "DiscoTests" */ = {
			isa = XCConfigurationList;
			buildConfigurations = (
				5A12471E71E4BC83FB6F7FEB /* Debug */,
				43112BDFFACF4265B7C2F7E0 /* Release */,
			);
			defaultConfigurationIsVisible = 0;
			defaultConfigurationName = Debug;
		};
/* End XCConfigurationList section */

/* Begin XCRemoteSwiftPackageReference section */
		A2454BA7A402FB45A7063E4A /* XCRemoteSwiftPackageReference "textual" */ = {
			isa = XCRemoteSwiftPackageReference;
			repositoryURL = "https://github.com/gonzalezreal/textual";
			requirement = {
				kind = upToNextMajorVersion;
				minimumVersion = 0.1.0;
			};
		};
/* End XCRemoteSwiftPackageReference section */

/* Begin XCSwiftPackageProductDependency section */
		B90BFC3D18328EC5AF112238 /* Textual */ = {
			isa = XCSwiftPackageProductDependency;
			package = A2454BA7A402FB45A7063E4A /* XCRemoteSwiftPackageReference "textual" */;
			productName = Textual;
		};
/* End XCSwiftPackageProductDependency section */
	};
	rootObject = 22951140849F71B353B15612 /* Project object */;
}
